
Microsoft Visual Studio Solution File, Format Version 12.00
# Visual Studio Version 16
Project("{2150E333-8FDC-42A3-9474-1A3956D46DE8}") = "CMake", "CMake", "{FB9DAC45-020C-353A-80AC-8BE5A0931E4A}"
EndProject
Project("{2150E333-8FDC-42A3-9474-1A3956D46DE8}") = "SFML", "SFML", "{214061F9-A13B-30FF-A768-EA0D0B66EFC6}"
EndProject
Project("{8BC9CEB8-8B4A-11D0-8D11-00A0C91BC942}") = "ALL_BUILD", "ALL_BUILD.vcxproj", "{89EB0F1D-469F-3B1F-89AC-289697122772}"
	ProjectSection(ProjectDependencies) = postProject
		{700535B2-BD99-3FB5-8C9C-3D10957F1827} = {700535B2-BD99-3FB5-8C9C-3D10957F1827}
		{4B864BEF-D1ED-3FBB-BCB4-9C87B8619837} = {4B864BEF-D1ED-3FBB-BCB4-9C87B8619837}
		{09EBA5F7-D908-327E-9CD3-DF0E98E450C1} = {09EBA5F7-D908-327E-9CD3-DF0E98E450C1}
		{1A76277B-632E-3C54-BCC3-380ECC3FCA54} = {1A76277B-632E-3C54-BCC3-380ECC3FCA54}
		{E98E808E-9363-3C83-8ED3-A756B6C88A48} = {E98E808E-9363-3C83-8ED3-A756B6C88A48}
		{7577A077-F712-38BD-AA6E-88333A48A15C} = {7577A077-F712-38BD-AA6E-88333A48A15C}
		{9AFF43A9-81F1-3ED2-95EA-43BB86E21191} = {9AFF43A9-81F1-3ED2-95EA-43BB86E21191}
	EndProjectSection
EndProject
Project("{8BC9CEB8-8B4A-11D0-8D11-00A0C91BC942}") = "INSTALL", "INSTALL.vcxproj", "{CF98E85D-6A05-3A64-9D64-C529C88B12BC}"
	ProjectSection(ProjectDependencies) = postProject
		{89EB0F1D-469F-3B1F-89AC-289697122772} = {89EB0F1D-469F-3B1F-89AC-289697122772}
		{700535B2-BD99-3FB5-8C9C-3D10957F1827} = {700535B2-BD99-3FB5-8C9C-3D10957F1827}
	EndProjectSection
EndProject
Project("{8BC9CEB8-8B4A-11D0-8D11-00A0C91BC942}") = "ZERO_CHECK", "ZERO_CHECK.vcxproj", "{700535B2-BD99-3FB5-8C9C-3D10957F1827}"
	ProjectSection(ProjectDependencies) = postProject
	EndProjectSection
EndProject
Project("{8BC9CEB8-8B4A-11D0-8D11-00A0C91BC942}") = "sfml-audio", "src\SFML\Audio\sfml-audio.vcxproj", "{4B864BEF-D1ED-3FBB-BCB4-9C87B8619837}"
	ProjectSection(ProjectDependencies) = postProject
		{700535B2-BD99-3FB5-8C9C-3D10957F1827} = {700535B2-BD99-3FB5-8C9C-3D10957F1827}
		{7577A077-F712-38BD-AA6E-88333A48A15C} = {7577A077-F712-38BD-AA6E-88333A48A15C}
	EndProjectSection
EndProject
Project("{8BC9CEB8-8B4A-11D0-8D11-00A0C91BC942}") = "sfml-graphics", "src\SFML\Graphics\sfml-graphics.vcxproj", "{09EBA5F7-D908-327E-9CD3-DF0E98E450C1}"
	ProjectSection(ProjectDependencies) = postProject
		{700535B2-BD99-3FB5-8C9C-3D10957F1827} = {700535B2-BD99-3FB5-8C9C-3D10957F1827}
		{7577A077-F712-38BD-AA6E-88333A48A15C} = {7577A077-F712-38BD-AA6E-88333A48A15C}
		{9AFF43A9-81F1-3ED2-95EA-43BB86E21191} = {9AFF43A9-81F1-3ED2-95EA-43BB86E21191}
	EndProjectSection
EndProject
Project("{8BC9CEB8-8B4A-11D0-8D11-00A0C91BC942}") = "sfml-main", "src\SFML\Main\sfml-main.vcxproj", "{1A76277B-632E-3C54-BCC3-380ECC3FCA54}"
	ProjectSection(ProjectDependencies) = postProject
		{700535B2-BD99-3FB5-8C9C-3D10957F1827} = {700535B2-BD99-3FB5-8C9C-3D10957F1827}
	EndProjectSection
EndProject
Project("{8BC9CEB8-8B4A-11D0-8D11-00A0C91BC942}") = "sfml-network", "src\SFML\Network\sfml-network.vcxproj", "{E98E808E-9363-3C83-8ED3-A756B6C88A48}"
	ProjectSection(ProjectDependencies) = postProject
		{700535B2-BD99-3FB5-8C9C-3D10957F1827} = {700535B2-BD99-3FB5-8C9C-3D10957F1827}
		{7577A077-F712-38BD-AA6E-88333A48A15C} = {7577A077-F712-38BD-AA6E-88333A48A15C}
	EndProjectSection
EndProject
Project("{8BC9CEB8-8B4A-11D0-8D11-00A0C91BC942}") = "sfml-system", "src\SFML\System\sfml-system.vcxproj", "{7577A077-F712-38BD-AA6E-88333A48A15C}"
	ProjectSection(ProjectDependencies) = postProject
		{700535B2-BD99-3FB5-8C9C-3D10957F1827} = {700535B2-BD99-3FB5-8C9C-3D10957F1827}
	EndProjectSection
EndProject
Project("{8BC9CEB8-8B4A-11D0-8D11-00A0C91BC942}") = "sfml-window", "src\SFML\Window\sfml-window.vcxproj", "{9AFF43A9-81F1-3ED2-95EA-43BB86E21191}"
	ProjectSection(ProjectDependencies) = postProject
		{700535B2-BD99-3FB5-8C9C-3D10957F1827} = {700535B2-BD99-3FB5-8C9C-3D10957F1827}
		{7577A077-F712-38BD-AA6E-88333A48A15C} = {7577A077-F712-38BD-AA6E-88333A48A15C}
	EndProjectSection
EndProject
Global
	GlobalSection(SolutionConfigurationPlatforms) = preSolution
		Debug|x64 = Debug|x64
		Release|x64 = Release|x64
		MinSizeRel|x64 = MinSizeRel|x64
		RelWithDebInfo|x64 = RelWithDebInfo|x64
	EndGlobalSection
	GlobalSection(ProjectConfigurationPlatforms) = postSolution
		{89EB0F1D-469F-3B1F-89AC-289697122772}.Debug|x64.ActiveCfg = Debug|x64
		{89EB0F1D-469F-3B1F-89AC-289697122772}.Debug|x64.Build.0 = Debug|x64
		{89EB0F1D-469F-3B1F-89AC-289697122772}.Release|x64.ActiveCfg = Release|x64
		{89EB0F1D-469F-3B1F-89AC-289697122772}.Release|x64.Build.0 = Release|x64
		{89EB0F1D-469F-3B1F-89AC-289697122772}.MinSizeRel|x64.ActiveCfg = MinSizeRel|x64
		{89EB0F1D-469F-3B1F-89AC-289697122772}.MinSizeRel|x64.Build.0 = MinSizeRel|x64
		{89EB0F1D-469F-3B1F-89AC-289697122772}.RelWithDebInfo|x64.ActiveCfg = RelWithDebInfo|x64
		{89EB0F1D-469F-3B1F-89AC-289697122772}.RelWithDebInfo|x64.Build.0 = RelWithDebInfo|x64
		{CF98E85D-6A05-3A64-9D64-C529C88B12BC}.Debug|x64.ActiveCfg = Debug|x64
		{CF98E85D-6A05-3A64-9D64-C529C88B12BC}.Release|x64.ActiveCfg = Release|x64
		{CF98E85D-6A05-3A64-9D64-C529C88B12BC}.MinSizeRel|x64.ActiveCfg = MinSizeRel|x64
		{CF98E85D-6A05-3A64-9D64-C529C88B12BC}.RelWithDebInfo|x64.ActiveCfg = RelWithDebInfo|x64
		{700535B2-BD99-3FB5-8C9C-3D10957F1827}.Debug|x64.ActiveCfg = Debug|x64
		{700535B2-BD99-3FB5-8C9C-3D10957F1827}.Debug|x64.Build.0 = Debug|x64
		{700535B2-BD99-3FB5-8C9C-3D10957F1827}.Release|x64.ActiveCfg = Release|x64
		{700535B2-BD99-3FB5-8C9C-3D10957F1827}.Release|x64.Build.0 = Release|x64
		{700535B2-BD99-3FB5-8C9C-3D10957F1827}.MinSizeRel|x64.ActiveCfg = MinSizeRel|x64
		{700535B2-BD99-3FB5-8C9C-3D10957F1827}.MinSizeRel|x64.Build.0 = MinSizeRel|x64
		{700535B2-BD99-3FB5-8C9C-3D10957F1827}.RelWithDebInfo|x64.ActiveCfg = RelWithDebInfo|x64
		{700535B2-BD99-3FB5-8C9C-3D10957F1827}.RelWithDebInfo|x64.Build.0 = RelWithDebInfo|x64
		{4B864BEF-D1ED-3FBB-BCB4-9C87B8619837}.Debug|x64.ActiveCfg = Debug|x64
		{4B864BEF-D1ED-3FBB-BCB4-9C87B8619837}.Debug|x64.Build.0 = Debug|x64
		{4B864BEF-D1ED-3FBB-BCB4-9C87B8619837}.Release|x64.ActiveCfg = Release|x64
		{4B864BEF-D1ED-3FBB-BCB4-9C87B8619837}.Release|x64.Build.0 = Release|x64
		{4B864BEF-D1ED-3FBB-BCB4-9C87B8619837}.MinSizeRel|x64.ActiveCfg = MinSizeRel|x64
		{4B864BEF-D1ED-3FBB-BCB4-9C87B8619837}.MinSizeRel|x64.Build.0 = MinSizeRel|x64
		{4B864BEF-D1ED-3FBB-BCB4-9C87B8619837}.RelWithDebInfo|x64.ActiveCfg = RelWithDebInfo|x64
		{4B864BEF-D1ED-3FBB-BCB4-9C87B8619837}.RelWithDebInfo|x64.Build.0 = RelWithDebInfo|x64
		{09EBA5F7-D908-327E-9CD3-DF0E98E450C1}.Debug|x64.ActiveCfg = Debug|x64
		{09EBA5F7-D908-327E-9CD3-DF0E98E450C1}.Debug|x64.Build.0 = Debug|x64
		{09EBA5F7-D908-327E-9CD3-DF0E98E450C1}.Release|x64.ActiveCfg = Release|x64
		{09EBA5F7-D908-327E-9CD3-DF0E98E450C1}.Release|x64.Build.0 = Release|x64
		{09EBA5F7-D908-327E-9CD3-DF0E98E450C1}.MinSizeRel|x64.ActiveCfg = MinSizeRel|x64
		{09EBA5F7-D908-327E-9CD3-DF0E98E450C1}.MinSizeRel|x64.Build.0 = MinSizeRel|x64
		{09EBA5F7-D908-327E-9CD3-DF0E98E450C1}.RelWithDebInfo|x64.ActiveCfg = RelWithDebInfo|x64
		{09EBA5F7-D908-327E-9CD3-DF0E98E450C1}.RelWithDebInfo|x64.Build.0 = RelWithDebInfo|x64
		{1A76277B-632E-3C54-BCC3-380ECC3FCA54}.Debug|x64.ActiveCfg = Debug|x64
		{1A76277B-632E-3C54-BCC3-380ECC3FCA54}.Debug|x64.Build.0 = Debug|x64
		{1A76277B-632E-3C54-BCC3-380ECC3FCA54}.Release|x64.ActiveCfg = Release|x64
		{1A76277B-632E-3C54-BCC3-380ECC3FCA54}.Release|x64.Build.0 = Release|x64
		{1A76277B-632E-3C54-BCC3-380ECC3FCA54}.MinSizeRel|x64.ActiveCfg = MinSizeRel|x64
		{1A76277B-632E-3C54-BCC3-380ECC3FCA54}.MinSizeRel|x64.Build.0 = MinSizeRel|x64
		{1A76277B-632E-3C54-BCC3-380ECC3FCA54}.RelWithDebInfo|x64.ActiveCfg = RelWithDebInfo|x64
		{1A76277B-632E-3C54-BCC3-380ECC3FCA54}.RelWithDebInfo|x64.Build.0 = RelWithDebInfo|x64
		{E98E808E-9363-3C83-8ED3-A756B6C88A48}.Debug|x64.ActiveCfg = Debug|x64
		{E98E808E-9363-3C83-8ED3-A756B6C88A48}.Debug|x64.Build.0 = Debug|x64
		{E98E808E-9363-3C83-8ED3-A756B6C88A48}.Release|x64.ActiveCfg = Release|x64
		{E98E808E-9363-3C83-8ED3-A756B6C88A48}.Release|x64.Build.0 = Release|x64
		{E98E808E-9363-3C83-8ED3-A756B6C88A48}.MinSizeRel|x64.ActiveCfg = MinSizeRel|x64
		{E98E808E-9363-3C83-8ED3-A756B6C88A48}.MinSizeRel|x64.Build.0 = MinSizeRel|x64
		{E98E808E-9363-3C83-8ED3-A756B6C88A48}.RelWithDebInfo|x64.ActiveCfg = RelWithDebInfo|x64
		{E98E808E-9363-3C83-8ED3-A756B6C88A48}.RelWithDebInfo|x64.Build.0 = RelWithDebInfo|x64
		{7577A077-F712-38BD-AA6E-88333A48A15C}.Debug|x64.ActiveCfg = Debug|x64
		{7577A077-F712-38BD-AA6E-88333A48A15C}.Debug|x64.Build.0 = Debug|x64
		{7577A077-F712-38BD-AA6E-88333A48A15C}.Release|x64.ActiveCfg = Release|x64
		{7577A077-F712-38BD-AA6E-88333A48A15C}.Release|x64.Build.0 = Release|x64
		{7577A077-F712-38BD-AA6E-88333A48A15C}.MinSizeRel|x64.ActiveCfg = MinSizeRel|x64
		{7577A077-F712-38BD-AA6E-88333A48A15C}.MinSizeRel|x64.Build.0 = MinSizeRel|x64
		{7577A077-F712-38BD-AA6E-88333A48A15C}.RelWithDebInfo|x64.ActiveCfg = RelWithDebInfo|x64
		{7577A077-F712-38BD-AA6E-88333A48A15C}.RelWithDebInfo|x64.Build.0 = RelWithDebInfo|x64
		{9AFF43A9-81F1-3ED2-95EA-43BB86E21191}.Debug|x64.ActiveCfg = Debug|x64
		{9AFF43A9-81F1-3ED2-95EA-43BB86E21191}.Debug|x64.Build.0 = Debug|x64
		{9AFF43A9-81F1-3ED2-95EA-43BB86E21191}.Release|x64.ActiveCfg = Release|x64
		{9AFF43A9-81F1-3ED2-95EA-43BB86E21191}.Release|x64.Build.0 = Release|x64
		{9AFF43A9-81F1-3ED2-95EA-43BB86E21191}.MinSizeRel|x64.ActiveCfg = MinSizeRel|x64
		{9AFF43A9-81F1-3ED2-95EA-43BB86E21191}.MinSizeRel|x64.Build.0 = MinSizeRel|x64
		{9AFF43A9-81F1-3ED2-95EA-43BB86E21191}.RelWithDebInfo|x64.ActiveCfg = RelWithDebInfo|x64
		{9AFF43A9-81F1-3ED2-95EA-43BB86E21191}.RelWithDebInfo|x64.Build.0 = RelWithDebInfo|x64
	EndGlobalSection
	GlobalSection(NestedProjects) = preSolution
		{89EB0F1D-469F-3B1F-89AC-289697122772} = {FB9DAC45-020C-353A-80AC-8BE5A0931E4A}
		{CF98E85D-6A05-3A64-9D64-C529C88B12BC} = {FB9DAC45-020C-353A-80AC-8BE5A0931E4A}
		{700535B2-BD99-3FB5-8C9C-3D10957F1827} = {FB9DAC45-020C-353A-80AC-8BE5A0931E4A}
		{4B864BEF-D1ED-3FBB-BCB4-9C87B8619837} = {214061F9-A13B-30FF-A768-EA0D0B66EFC6}
		{09EBA5F7-D908-327E-9CD3-DF0E98E450C1} = {214061F9-A13B-30FF-A768-EA0D0B66EFC6}
		{1A76277B-632E-3C54-BCC3-380ECC3FCA54} = {214061F9-A13B-30FF-A768-EA0D0B66EFC6}
		{E98E808E-9363-3C83-8ED3-A756B6C88A48} = {214061F9-A13B-30FF-A768-EA0D0B66EFC6}
		{7577A077-F712-38BD-AA6E-88333A48A15C} = {214061F9-A13B-30FF-A768-EA0D0B66EFC6}
		{9AFF43A9-81F1-3ED2-95EA-43BB86E21191} = {214061F9-A13B-30FF-A768-EA0D0B66EFC6}
	EndGlobalSection
	GlobalSection(ExtensibilityGlobals) = postSolution
		SolutionGuid = {FF428B1D-7A05-36C2-8063-4F24D79916C1}
	EndGlobalSection
	GlobalSection(ExtensibilityAddIns) = postSolution
	EndGlobalSection
EndGlobal
